{
  "requires": true,
  "lockfileVersion": 1,
  "dependencies": {
    "fibre.js": {
      "version": "0.2.1",
      "resolved": "https://registry.npmjs.org/fibre.js/-/fibre.js-0.2.1.tgz",
      "integrity": "sha1-Eyva90CyuJHOKLntePra75z4XxY=",
      "requires": {
        "findandreplacedomtext": "0.4.5"
      }
    },
    "findandreplacedomtext": {
      "version": "0.4.5",
      "resolved": "https://registry.npmjs.org/findandreplacedomtext/-/findandreplacedomtext-0.4.5.tgz",
      "integrity": "sha1-uo7c2N+MSlOsVWow5s3xrgCzqxI="
    },
    "han-css": {
      "version": "3.3.0",
      "resolved": "https://registry.npmjs.org/han-css/-/han-css-3.3.0.tgz",
      "integrity": "sha1-uPaGhv5qaeUd56NSKT7aqD0TBOM=",
      "requires": {
        "fibre.js": "0.2.1",
        "normalize.css": "4.2.0"
      }
    },
    "normalize.css": {
      "version": "4.2.0",
      "resolved": "https://registry.npmjs.org/normalize.css/-/normalize.css-4.2.0.tgz",
      "integrity": "sha1-IdZsxVcVTUN5/R4HnsfeWKN5sJk="
    }
  }
}
